Microsoft Visual Studio Solution File, Format Version 12.00
# Visual Studio Version 16
VisualStudioVersion = 16.0.30114.105
MinimumVisualStudioVersion = 10.0.40219.1
Project("{FAE04EC0-301F-11D3-BF4B-00C04F79EFBC}") = "ui", "ui\ui.csproj", "{CC1625B8-87BF-491F-83E3-C2F2528E8D0D}"
EndProject
Project("{FAE04EC0-301F-11D3-BF4B-00C04F79EFBC}") = "dal", "dal\dal.csproj", "{6A277D9B-2EB3-4889-946B-CAA66EACDBF9}"
EndProject
Global
	GlobalSection(SolutionConfigurationPlatforms) = preSolution
		Debug|Any CPU = Debug|Any CPU
		Debug|x64 = Debug|x64
		Debug|x86 = Debug|x86
		Debug|MCD = Debug|MCD
		Release|Any CPU = Release|Any CPU
		Release|x64 = Release|x64
		Release|x86 = Release|x86
	EndGlobalSection
	GlobalSection(SolutionProperties) = preSolution
		HideSolutionNode = FALSE
	EndGlobalSection
	GlobalSection(ProjectConfigurationPlatforms) = postSolution
		{CC1625B8-87BF-491F-83E3-C2F2528E8D0D}.Debug|Any CPU.ActiveCfg = Debug|Any CPU
		{CC1625B8-87BF-491F-83E3-C2F2528E8D0D}.Debug|Any CPU.Build.0 = Debug|Any CPU
		{CC1625B8-87BF-491F-83E3-C2F2528E8D0D}.Debug|x64.ActiveCfg = Debug|Any CPU
		{CC1625B8-87BF-491F-83E3-C2F2528E8D0D}.Debug|x64.Build.0 = Debug|Any CPU
		{CC1625B8-87BF-491F-83E3-C2F2528E8D0D}.Debug|x86.ActiveCfg = Debug|Any CPU		
		{CC1625B8-87BF-491F-83E3-C2F2528E8D0D}.Debug|x86.Build.0 = Debug|Any CPU
		{CC1625B8-87BF-491F-83E3-C2F2528E8D0D}.Debug|MCD.ActiveCfg = Debug|Any CPU		
		{CC1625B8-87BF-491F-83E3-C2F2528E8D0D}.Debug|MCD.Build.0 = Debug|Any CPU
		{CC1625B8-87BF-491F-83E3-C2F2528E8D0D}.Release|Any CPU.ActiveCfg = Release|Any CPU
		{CC1625B8-87BF-491F-83E3-C2F2528E8D0D}.Release|Any CPU.Build.0 = Release|Any CPU
		{CC1625B8-87BF-491F-83E3-C2F2528E8D0D}.Release|x64.ActiveCfg = Release|Any CPU
		{CC1625B8-87BF-491F-83E3-C2F2528E8D0D}.Release|x64.Build.0 = Release|Any CPU
		{CC1625B8-87BF-491F-83E3-C2F2528E8D0D}.Release|x86.ActiveCfg = Release|Any CPU
		{CC1625B8-87BF-491F-83E3-C2F2528E8D0D}.Release|x86.Build.0 = Release|Any CPU
		{6A277D9B-2EB3-4889-946B-CAA66EACDBF9}.Debug|Any CPU.ActiveCfg = Debug|Any CPU
		{6A277D9B-2EB3-4889-946B-CAA66EACDBF9}.Debug|Any CPU.Build.0 = Debug|Any CPU
		{6A277D9B-2EB3-4889-946B-CAA66EACDBF9}.Debug|x64.ActiveCfg = Debug|Any CPU
		{6A277D9B-2EB3-4889-946B-CAA66EACDBF9}.Debug|x64.Build.0 = Debug|Any CPU
		{6A277D9B-2EB3-4889-946B-CAA66EACDBF9}.Debug|x86.ActiveCfg = Debug|Any CPU
		{6A277D9B-2EB3-4889-946B-CAA66EACDBF9}.Debug|x86.Build.0 = Debug|Any CPU
		{6A277D9B-2EB3-4889-946B-CAA66EACDBF9}.Debug|MCD.ActiveCfg = Debug|Any CPU
		{6A277D9B-2EB3-4889-946B-CAA66EACDBF9}.Debug|MCD.Build.0 = Debug|Any CPU
		{6A277D9B-2EB3-4889-946B-CAA66EACDBF9}.Release|Any CPU.ActiveCfg = Release|Any CPU
		{6A277D9B-2EB3-4889-946B-CAA66EACDBF9}.Release|Any CPU.Build.0 = Release|Any CPU
		{6A277D9B-2EB3-4889-946B-CAA66EACDBF9}.Release|x64.ActiveCfg = Release|Any CPU
		{6A277D9B-2EB3-4889-946B-CAA66EACDBF9}.Release|x64.Build.0 = Release|Any CPU
		{6A277D9B-2EB3-4889-946B-CAA66EACDBF9}.Release|x86.ActiveCfg = Release|Any CPU
		{6A277D9B-2EB3-4889-946B-CAA66EACDBF9}.Release|x86.Build.0 = Release|Any CPU
	EndGlobalSection
EndGlobal